// !$*UTF8*$!
{
	archiveVersion = 1;
	classes = {
	};
	objectVersion = 46;
	objects = {

/* Begin PBXBuildFile section */
		D01D1CA5244A5A6C00E0C8D1 /* Badge.swift in Sources */ = {isa = PBXBuildFile; fileRef = D01D1CA4244A5A6C00E0C8D1 /* Badge.swift */; };
		D01D1CA8244A5A7800E0C8D1 /* Badge.m in Sources */ = {isa = PBXBuildFile; fileRef = D01D1CA7244A5A7800E0C8D1 /* Badge.m */; };
		D01D1CAA244A5A8200E0C8D1 /* BadgeShadowView.swift in Sources */ = {isa = PBXBuildFile; fileRef = D01D1CA9244A5A8200E0C8D1 /* BadgeShadowView.swift */; };
		D01D1CAC244A5A8900E0C8D1 /* BadgeView.swift in Sources */ = {isa = PBXBuildFile; fileRef = D01D1CAB244A5A8900E0C8D1 /* BadgeView.swift */; };
		D01D1CBC244A623F00E0C8D1 /* extension_AttrString.swift in Sources */ = {isa = PBXBuildFile; fileRef = D01D1CBB244A623F00E0C8D1 /* extension_AttrString.swift */; };
		D021B2C12456754C0085F417 /* ImageView.swift in Sources */ = {isa = PBXBuildFile; fileRef = D021B2C02456754C0085F417 /* ImageView.swift */; };
		D03AA8D225377FFC00B8AAB5 /* ImageListView.swift in Sources */ = {isa = PBXBuildFile; fileRef = D03AA8C825377FFB00B8AAB5 /* ImageListView.swift */; };
		D03AA8D325377FFC00B8AAB5 /* ImageList.swift in Sources */ = {isa = PBXBuildFile; fileRef = D03AA8C925377FFB00B8AAB5 /* ImageList.swift */; };
		D03AA8D425377FFC00B8AAB5 /* ImageListView.m in Sources */ = {isa = PBXBuildFile; fileRef = D03AA8CA25377FFB00B8AAB5 /* ImageListView.m */; };
		D03AA8D525377FFC00B8AAB5 /* ProgressView.swift in Sources */ = {isa = PBXBuildFile; fileRef = D03AA8CB25377FFC00B8AAB5 /* ProgressView.swift */; };
		D03AA8D625377FFC00B8AAB5 /* CellPhoto.swift in Sources */ = {isa = PBXBuildFile; fileRef = D03AA8CC25377FFC00B8AAB5 /* CellPhoto.swift */; };
		D03AA8D725377FFC00B8AAB5 /* MediaCollectionView.swift in Sources */ = {isa = PBXBuildFile; fileRef = D03AA8CD25377FFC00B8AAB5 /* MediaCollectionView.swift */; };
		D03AA8D825377FFC00B8AAB5 /* SelectableProtocol.swift in Sources */ = {isa = PBXBuildFile; fileRef = D03AA8CE25377FFC00B8AAB5 /* SelectableProtocol.swift */; };
		D03AA8D925377FFC00B8AAB5 /* CellVideo.swift in Sources */ = {isa = PBXBuildFile; fileRef = D03AA8CF25377FFC00B8AAB5 /* CellVideo.swift */; };
		D03AA8DA25377FFC00B8AAB5 /* ProgressCell.swift in Sources */ = {isa = PBXBuildFile; fileRef = D03AA8D025377FFC00B8AAB5 /* ProgressCell.swift */; };
		D03AA8DB25377FFC00B8AAB5 /* SelectableView.swift in Sources */ = {isa = PBXBuildFile; fileRef = D03AA8D125377FFC00B8AAB5 /* SelectableView.swift */; };
		D03AA8DF2537802500B8AAB5 /* JJMargin.swift in Sources */ = {isa = PBXBuildFile; fileRef = D03AA8DD2537802500B8AAB5 /* JJMargin.swift */; };
		D03AA8E02537802500B8AAB5 /* JJLayout.swift in Sources */ = {isa = PBXBuildFile; fileRef = D03AA8DE2537802500B8AAB5 /* JJLayout.swift */; };
		D05BEA58254E1F8C0023FB7F /* GuisoSaver.swift in Sources */ = {isa = PBXBuildFile; fileRef = D05BEA2F254E1F8A0023FB7F /* GuisoSaver.swift */; };
		D05BEA59254E1F8C0023FB7F /* GuisoWebpDecoder.swift in Sources */ = {isa = PBXBuildFile; fileRef = D05BEA30254E1F8A0023FB7F /* GuisoWebpDecoder.swift */; };
		D05BEA5A254E1F8C0023FB7F /* KeyGenerator.swift in Sources */ = {isa = PBXBuildFile; fileRef = D05BEA31254E1F8A0023FB7F /* KeyGenerator.swift */; };
		D05BEA5B254E1F8C0023FB7F /* GuisoErrorHolder.swift in Sources */ = {isa = PBXBuildFile; fileRef = D05BEA32254E1F8A0023FB7F /* GuisoErrorHolder.swift */; };
		D05BEA5C254E1F8C0023FB7F /* AnimatedImageDecoderProtocol.swift in Sources */ = {isa = PBXBuildFile; fileRef = D05BEA33254E1F8A0023FB7F /* AnimatedImageDecoderProtocol.swift */; };
		D05BEA5D254E1F8C0023FB7F /* Key.swift in Sources */ = {isa = PBXBuildFile; fileRef = D05BEA34254E1F8A0023FB7F /* Key.swift */; };
		D05BEA5E254E1F8C0023FB7F /* LinkedList.swift in Sources */ = {isa = PBXBuildFile; fileRef = D05BEA35254E1F8A0023FB7F /* LinkedList.swift */; };
		D05BEA5F254E1F8C0023FB7F /* GuisoCacheGif.swift in Sources */ = {isa = PBXBuildFile; fileRef = D05BEA36254E1F8A0023FB7F /* GuisoCacheGif.swift */; };
		D05BEA60254E1F8C0023FB7F /* GuisoLoaderData.swift in Sources */ = {isa = PBXBuildFile; fileRef = D05BEA37254E1F8A0023FB7F /* GuisoLoaderData.swift */; };
		D05BEA61254E1F8C0023FB7F /* GuisoUtils.swift in Sources */ = {isa = PBXBuildFile; fileRef = D05BEA38254E1F8A0023FB7F /* GuisoUtils.swift */; };
		D05BEA62254E1F8C0023FB7F /* extension_URL.swift in Sources */ = {isa = PBXBuildFile; fileRef = D05BEA39254E1F8A0023FB7F /* extension_URL.swift */; };
		D05BEA63254E1F8C0023FB7F /* GuisoFallbackHolder.swift in Sources */ = {isa = PBXBuildFile; fileRef = D05BEA3A254E1F8B0023FB7F /* GuisoFallbackHolder.swift */; };
		D05BEA64254E1F8C0023FB7F /* File.swift in Sources */ = {isa = PBXBuildFile; fileRef = D05BEA3B254E1F8B0023FB7F /* File.swift */; };
		D05BEA65254E1F8C0023FB7F /* ViewTarget.swift in Sources */ = {isa = PBXBuildFile; fileRef = D05BEA3C254E1F8B0023FB7F /* ViewTarget.swift */; };
		D05BEA66254E1F8C0023FB7F /* Runnable.swift in Sources */ = {isa = PBXBuildFile; fileRef = D05BEA3D254E1F8B0023FB7F /* Runnable.swift */; };
		D05BEA67254E1F8C0023FB7F /* Guiso.swift in Sources */ = {isa = PBXBuildFile; fileRef = D05BEA3E254E1F8B0023FB7F /* Guiso.swift */; };
		D05BEA68254E1F8C0023FB7F /* GuisoGifDecoder.swift in Sources */ = {isa = PBXBuildFile; fileRef = D05BEA3F254E1F8B0023FB7F /* GuisoGifDecoder.swift */; };
		D05BEA69254E1F8C0023FB7F /* Request.swift in Sources */ = {isa = PBXBuildFile; fileRef = D05BEA40254E1F8B0023FB7F /* Request.swift */; };
		D05BEA6A254E1F8C0023FB7F /* LRUCache.swift in Sources */ = {isa = PBXBuildFile; fileRef = D05BEA41254E1F8B0023FB7F /* LRUCache.swift */; };
		D05BEA6B254E1F8C0023FB7F /* GuisoPreload.swift in Sources */ = {isa = PBXBuildFile; fileRef = D05BEA42254E1F8B0023FB7F /* GuisoPreload.swift */; };
		D05BEA6C254E1F8C0023FB7F /* extension_String.swift in Sources */ = {isa = PBXBuildFile; fileRef = D05BEA43254E1F8B0023FB7F /* extension_String.swift */; };
		D05BEA6D254E1F8C0023FB7F /* GuisoRequestBuilder.swift in Sources */ = {isa = PBXBuildFile; fileRef = D05BEA44254E1F8B0023FB7F /* GuisoRequestBuilder.swift */; };
		D05BEA6E254E1F8C0023FB7F /* GuisoRequestManager.swift in Sources */ = {isa = PBXBuildFile; fileRef = D05BEA45254E1F8B0023FB7F /* GuisoRequestManager.swift */; };
		D05BEA6F254E1F8C0023FB7F /* GuisoView.swift in Sources */ = {isa = PBXBuildFile; fileRef = D05BEA46254E1F8B0023FB7F /* GuisoView.swift */; };
		D05BEA70254E1F8C0023FB7F /* GuisoTransform.swift in Sources */ = {isa = PBXBuildFile; fileRef = D05BEA47254E1F8B0023FB7F /* GuisoTransform.swift */; };
		D05BEA71254E1F8C0023FB7F /* TransformationUtils.swift in Sources */ = {isa = PBXBuildFile; fileRef = D05BEA48254E1F8B0023FB7F /* TransformationUtils.swift */; };
		D05BEA72254E1F8C0023FB7F /* LoaderProtocol.swift in Sources */ = {isa = PBXBuildFile; fileRef = D05BEA49254E1F8B0023FB7F /* LoaderProtocol.swift */; };
		D05BEA73254E1F8C0023FB7F /* AnimatedLayer.swift in Sources */ = {isa = PBXBuildFile; fileRef = D05BEA4A254E1F8B0023FB7F /* AnimatedLayer.swift */; };
		D05BEA74254E1F8C0023FB7F /* GuisoPlaceHolder.swift in Sources */ = {isa = PBXBuildFile; fileRef = D05BEA4B254E1F8B0023FB7F /* GuisoPlaceHolder.swift */; };
		D05BEA75254E1F8C0023FB7F /* GuisoCache.swift in Sources */ = {isa = PBXBuildFile; fileRef = D05BEA4C254E1F8B0023FB7F /* GuisoCache.swift */; };
		D05BEA76254E1F8C0023FB7F /* ColorMap.swift in Sources */ = {isa = PBXBuildFile; fileRef = D05BEA4D254E1F8C0023FB7F /* ColorMap.swift */; };
		D05BEA77254E1F8C0023FB7F /* GuisoOptions.swift in Sources */ = {isa = PBXBuildFile; fileRef = D05BEA4E254E1F8C0023FB7F /* GuisoOptions.swift */; };
		D05BEA78254E1F8C0023FB7F /* GuisoDiskCache.swift in Sources */ = {isa = PBXBuildFile; fileRef = D05BEA4F254E1F8C0023FB7F /* GuisoDiskCache.swift */; };
		D05BEA79254E1F8C0023FB7F /* GuisoHeader.swift in Sources */ = {isa = PBXBuildFile; fileRef = D05BEA50254E1F8C0023FB7F /* GuisoHeader.swift */; };
		D05BEA7A254E1F8C0023FB7F /* GuisoRequestThumb.swift in Sources */ = {isa = PBXBuildFile; fileRef = D05BEA51254E1F8C0023FB7F /* GuisoRequestThumb.swift */; };
		D05BEA7B254E1F8C0023FB7F /* GuisoLoaderString.swift in Sources */ = {isa = PBXBuildFile; fileRef = D05BEA52254E1F8C0023FB7F /* GuisoLoaderString.swift */; };
		D05BEA7C254E1F8C0023FB7F /* AnimatedImage.swift in Sources */ = {isa = PBXBuildFile; fileRef = D05BEA53254E1F8C0023FB7F /* AnimatedImage.swift */; };
		D05BEA7D254E1F8C0023FB7F /* SimpleTarget.swift in Sources */ = {isa = PBXBuildFile; fileRef = D05BEA54254E1F8C0023FB7F /* SimpleTarget.swift */; };
		D05BEA7E254E1F8C0023FB7F /* TransformProtocol.swift in Sources */ = {isa = PBXBuildFile; fileRef = D05BEA55254E1F8C0023FB7F /* TransformProtocol.swift */; };
		D05BEA7F254E1F8C0023FB7F /* GuisoRequest.swift in Sources */ = {isa = PBXBuildFile; fileRef = D05BEA56254E1F8C0023FB7F /* GuisoRequest.swift */; };
		D05BEA80254E1F8C0023FB7F /* Executor.swift in Sources */ = {isa = PBXBuildFile; fileRef = D05BEA57254E1F8C0023FB7F /* Executor.swift */; };
		D087E1FD24588AD9001C8C7E /* PhotoKit.m in Sources */ = {isa = PBXBuildFile; fileRef = D087E1FB24588AD8001C8C7E /* PhotoKit.m */; };
		D087E1FE24588AD9001C8C7E /* PhotoKit.swift in Sources */ = {isa = PBXBuildFile; fileRef = D087E1FC24588AD9001C8C7E /* PhotoKit.swift */; };
		D0A3F99F25491E4400395F3D /* WebPMux.framework in Frameworks */ = {isa = PBXBuildFile; fileRef = D0A3F99B25491E4400395F3D /* WebPMux.framework */; };
		D0A3F9A025491E4400395F3D /* WebP.framework in Frameworks */ = {isa = PBXBuildFile; fileRef = D0A3F99C25491E4400395F3D /* WebP.framework */; };
		D0A3F9A125491E4400395F3D /* WebPDecoder.framework in Frameworks */ = {isa = PBXBuildFile; fileRef = D0A3F99D25491E4400395F3D /* WebPDecoder.framework */; };
		D0A3F9A225491E4400395F3D /* WebPDemux.framework in Frameworks */ = {isa = PBXBuildFile; fileRef = D0A3F99E25491E4400395F3D /* WebPDemux.framework */; };
		D0AFDFDE244F8C0D00377C58 /* Image.m in Sources */ = {isa = PBXBuildFile; fileRef = D0AFDFDB244F8C0D00377C58 /* Image.m */; };
		D0AFDFDF244F8C0D00377C58 /* Image.swift in Sources */ = {isa = PBXBuildFile; fileRef = D0AFDFDC244F8C0D00377C58 /* Image.swift */; };
		D0BED1DA243AE49100881A99 /* CircleProgress.swift in Sources */ = {isa = PBXBuildFile; fileRef = D0BED1D5243AE49100881A99 /* CircleProgress.swift */; };
		D0BED1DB243AE49100881A99 /* CircleProgressView.m in Sources */ = {isa = PBXBuildFile; fileRef = D0BED1D7243AE49100881A99 /* CircleProgressView.m */; };
		D0BED1DC243AE49100881A99 /* LayerCircleProgress.swift in Sources */ = {isa = PBXBuildFile; fileRef = D0BED1D8243AE49100881A99 /* LayerCircleProgress.swift */; };
		D0BED1DD243AE49100881A99 /* CircleProgressView.swift in Sources */ = {isa = PBXBuildFile; fileRef = D0BED1D9243AE49100881A99 /* CircleProgressView.swift */; };
		D0BED1E3243AE49800881A99 /* ClipRectView.swift in Sources */ = {isa = PBXBuildFile; fileRef = D0BED1DF243AE49800881A99 /* ClipRectView.swift */; };
		D0BED1E4243AE49800881A99 /* ClipRectView.m in Sources */ = {isa = PBXBuildFile; fileRef = D0BED1E0243AE49800881A99 /* ClipRectView.m */; };
		D0BED1E5243AE49800881A99 /* LayerClip.swift in Sources */ = {isa = PBXBuildFile; fileRef = D0BED1E1243AE49800881A99 /* LayerClip.swift */; };
		D0BED1E6243AE49800881A99 /* ClipRect.swift in Sources */ = {isa = PBXBuildFile; fileRef = D0BED1E2243AE49800881A99 /* ClipRect.swift */; };
		D0BED1EC243AE4A100881A99 /* extension_UIBezierPath.swift in Sources */ = {isa = PBXBuildFile; fileRef = D0BED1E8243AE4A100881A99 /* extension_UIBezierPath.swift */; };
		D0BED1ED243AE4A100881A99 /* extension_UIColor.swift in Sources */ = {isa = PBXBuildFile; fileRef = D0BED1E9243AE4A100881A99 /* extension_UIColor.swift */; };
		D0BED1EE243AE4A100881A99 /* extension_CGRect.swift in Sources */ = {isa = PBXBuildFile; fileRef = D0BED1EA243AE4A100881A99 /* extension_CGRect.swift */; };
		D0BED1EF243AE4A100881A99 /* extension_CALayer.swift in Sources */ = {isa = PBXBuildFile; fileRef = D0BED1EB243AE4A100881A99 /* extension_CALayer.swift */; };
		D0E116E024623ADB009FF69C /* Cropper.swift in Sources */ = {isa = PBXBuildFile; fileRef = D0E116DD24623ADB009FF69C /* Cropper.swift */; };
		D0E116E124623ADB009FF69C /* CropHelper.swift in Sources */ = {isa = PBXBuildFile; fileRef = D0E116DE24623ADB009FF69C /* CropHelper.swift */; };
		D0E116E224623ADB009FF69C /* Cropper.m in Sources */ = {isa = PBXBuildFile; fileRef = D0E116DF24623ADB009FF69C /* Cropper.m */; };
		D0F98D602443DA71001CF3DA /* Toast.swift in Sources */ = {isa = PBXBuildFile; fileRef = D0F98D5F2443DA71001CF3DA /* Toast.swift */; };
		D0F98D622443DA79001CF3DA /* Toast.m in Sources */ = {isa = PBXBuildFile; fileRef = D0F98D612443DA79001CF3DA /* Toast.m */; };
		D0F98D692443DAC6001CF3DA /* JJScreen.swift in Sources */ = {isa = PBXBuildFile; fileRef = D0F98D652443DAC6001CF3DA /* JJScreen.swift */; };
		D0F98D6A2443DAC6001CF3DA /* JJLabel.swift in Sources */ = {isa = PBXBuildFile; fileRef = D0F98D662443DAC6001CF3DA /* JJLabel.swift */; };
		D0F98D6B2443DAC6001CF3DA /* ToastManager.swift in Sources */ = {isa = PBXBuildFile; fileRef = D0F98D672443DAC6001CF3DA /* ToastManager.swift */; };
		D0F98D6C2443DAC6001CF3DA /* JJLabelUI.swift in Sources */ = {isa = PBXBuildFile; fileRef = D0F98D682443DAC6001CF3DA /* JJLabelUI.swift */; };
		D0F98D702443DAD8001CF3DA /* extension_UIView.swift in Sources */ = {isa = PBXBuildFile; fileRef = D0F98D6F2443DAD8001CF3DA /* extension_UIView.swift */; };
/* End PBXBuildFile section */

/* Begin PBXCopyFilesBuildPhase section */
		58B511D91A9E6C8500147676 /* Copy Files */ = {
			isa = PBXCopyFilesBuildPhase;
			buildActionMask = 2147483647;
			dstPath = "include/$(PRODUCT_NAME)";
			dstSubfolderSpec = 16;
			files = (
			);
			name = "Copy Files";
			runOnlyForDeploymentPostprocessing = 0;
		};
/* End PBXCopyFilesBuildPhase section */

/* Begin PBXFileReference section */
		134814201AA4EA6300B7C361 /* libJjkit.a */ = {isa = PBXFileReference; explicitFileType = archive.ar; includeInIndex = 0; path = libJjkit.a; sourceTree = BUILT_PRODUCTS_DIR; };
		D01D1CA4244A5A6C00E0C8D1 /* Badge.swift */ = {isa = PBXFileReference; fileEncoding = 4; lastKnownFileType = sourcecode.swift; path = Badge.swift; sourceTree = "<group>"; };
		D01D1CA7244A5A7800E0C8D1 /* Badge.m */ = {isa = PBXFileReference; fileEncoding = 4; lastKnownFileType = sourcecode.c.objc; path = Badge.m; sourceTree = "<group>"; };
		D01D1CA9244A5A8200E0C8D1 /* BadgeShadowView.swift */ = {isa = PBXFileReference; fileEncoding = 4; lastKnownFileType = sourcecode.swift; path = BadgeShadowView.swift; sourceTree = "<group>"; };
		D01D1CAB244A5A8900E0C8D1 /* BadgeView.swift */ = {isa = PBXFileReference; fileEncoding = 4; lastKnownFileType = sourcecode.swift; path = BadgeView.swift; sourceTree = "<group>"; };
		D01D1CBB244A623F00E0C8D1 /* extension_AttrString.swift */ = {isa = PBXFileReference; fileEncoding = 4; lastKnownFileType = sourcecode.swift; path = extension_AttrString.swift; sourceTree = "<group>"; };
		D021B2C02456754C0085F417 /* ImageView.swift */ = {isa = PBXFileReference; fileEncoding = 4; lastKnownFileType = sourcecode.swift; path = ImageView.swift; sourceTree = "<group>"; };
		D03AA8C825377FFB00B8AAB5 /* ImageListView.swift */ = {isa = PBXFileReference; fileEncoding = 4; lastKnownFileType = sourcecode.swift; path = ImageListView.swift; sourceTree = "<group>"; };
		D03AA8C925377FFB00B8AAB5 /* ImageList.swift */ = {isa = PBXFileReference; fileEncoding = 4; lastKnownFileType = sourcecode.swift; path = ImageList.swift; sourceTree = "<group>"; };
		D03AA8CA25377FFB00B8AAB5 /* ImageListView.m */ = {isa = PBXFileReference; fileEncoding = 4; lastKnownFileType = sourcecode.c.objc; path = ImageListView.m; sourceTree = "<group>"; };
		D03AA8CB25377FFC00B8AAB5 /* ProgressView.swift */ = {isa = PBXFileReference; fileEncoding = 4; lastKnownFileType = sourcecode.swift; path = ProgressView.swift; sourceTree = "<group>"; };
		D03AA8CC25377FFC00B8AAB5 /* CellPhoto.swift */ = {isa = PBXFileReference; fileEncoding = 4; lastKnownFileType = sourcecode.swift; path = CellPhoto.swift; sourceTree = "<group>"; };
		D03AA8CD25377FFC00B8AAB5 /* MediaCollectionView.swift */ = {isa = PBXFileReference; fileEncoding = 4; lastKnownFileType = sourcecode.swift; path = MediaCollectionView.swift; sourceTree = "<group>"; };
		D03AA8CE25377FFC00B8AAB5 /* SelectableProtocol.swift */ = {isa = PBXFileReference; fileEncoding = 4; lastKnownFileType = sourcecode.swift; path = SelectableProtocol.swift; sourceTree = "<group>"; };
		D03AA8CF25377FFC00B8AAB5 /* CellVideo.swift */ = {isa = PBXFileReference; fileEncoding = 4; lastKnownFileType = sourcecode.swift; path = CellVideo.swift; sourceTree = "<group>"; };
		D03AA8D025377FFC00B8AAB5 /* ProgressCell.swift */ = {isa = PBXFileReference; fileEncoding = 4; lastKnownFileType = sourcecode.swift; path = ProgressCell.swift; sourceTree = "<group>"; };
		D03AA8D125377FFC00B8AAB5 /* SelectableView.swift */ = {isa = PBXFileReference; fileEncoding = 4; lastKnownFileType = sourcecode.swift; path = SelectableView.swift; sourceTree = "<group>"; };
		D03AA8DD2537802500B8AAB5 /* JJMargin.swift */ = {isa = PBXFileReference; fileEncoding = 4; lastKnownFileType = sourcecode.swift; path = JJMargin.swift; sourceTree = "<group>"; };
		D03AA8DE2537802500B8AAB5 /* JJLayout.swift */ = {isa = PBXFileReference; fileEncoding = 4; lastKnownFileType = sourcecode.swift; path = JJLayout.swift; sourceTree = "<group>"; };
		D03AA8E22537817400B8AAB5 /* JJKitAssets.xcassets */ = {isa = PBXFileReference; lastKnownFileType = folder.assetcatalog; path = JJKitAssets.xcassets; sourceTree = "<group>"; };
		D05BEA2F254E1F8A0023FB7F /* GuisoSaver.swift */ = {isa = PBXFileReference; fileEncoding = 4; lastKnownFileType = sourcecode.swift; path = GuisoSaver.swift; sourceTree = "<group>"; };
		D05BEA30254E1F8A0023FB7F /* GuisoWebpDecoder.swift */ = {isa = PBXFileReference; fileEncoding = 4; lastKnownFileType = sourcecode.swift; path = GuisoWebpDecoder.swift; sourceTree = "<group>"; };
		D05BEA31254E1F8A0023FB7F /* KeyGenerator.swift */ = {isa = PBXFileReference; fileEncoding = 4; lastKnownFileType = sourcecode.swift; path = KeyGenerator.swift; sourceTree = "<group>"; };
		D05BEA32254E1F8A0023FB7F /* GuisoErrorHolder.swift */ = {isa = PBXFileReference; fileEncoding = 4; lastKnownFileType = sourcecode.swift; path = GuisoErrorHolder.swift; sourceTree = "<group>"; };
		D05BEA33254E1F8A0023FB7F /* AnimatedImageDecoderProtocol.swift */ = {isa = PBXFileReference; fileEncoding = 4; lastKnownFileType = sourcecode.swift; path = AnimatedImageDecoderProtocol.swift; sourceTree = "<group>"; };
		D05BEA34254E1F8A0023FB7F /* Key.swift */ = {isa = PBXFileReference; fileEncoding = 4; lastKnownFileType = sourcecode.swift; path = Key.swift; sourceTree = "<group>"; };
		D05BEA35254E1F8A0023FB7F /* LinkedList.swift */ = {isa = PBXFileReference; fileEncoding = 4; lastKnownFileType = sourcecode.swift; path = LinkedList.swift; sourceTree = "<group>"; };
		D05BEA36254E1F8A0023FB7F /* GuisoCacheGif.swift */ = {isa = PBXFileReference; fileEncoding = 4; lastKnownFileType = sourcecode.swift; path = GuisoCacheGif.swift; sourceTree = "<group>"; };
		D05BEA37254E1F8A0023FB7F /* GuisoLoaderData.swift */ = {isa = PBXFileReference; fileEncoding = 4; lastKnownFileType = sourcecode.swift; path = GuisoLoaderData.swift; sourceTree = "<group>"; };
		D05BEA38254E1F8A0023FB7F /* GuisoUtils.swift */ = {isa = PBXFileReference; fileEncoding = 4; lastKnownFileType = sourcecode.swift; path = GuisoUtils.swift; sourceTree = "<group>"; };
		D05BEA39254E1F8A0023FB7F /* extension_URL.swift */ = {isa = PBXFileReference; fileEncoding = 4; lastKnownFileType = sourcecode.swift; path = extension_URL.swift; sourceTree = "<group>"; };
		D05BEA3A254E1F8B0023FB7F /* GuisoFallbackHolder.swift */ = {isa = PBXFileReference; fileEncoding = 4; lastKnownFileType = sourcecode.swift; path = GuisoFallbackHolder.swift; sourceTree = "<group>"; };
		D05BEA3B254E1F8B0023FB7F /* File.swift */ = {isa = PBXFileReference; fileEncoding = 4; lastKnownFileType = sourcecode.swift; path = File.swift; sourceTree = "<group>"; };
		D05BEA3C254E1F8B0023FB7F /* ViewTarget.swift */ = {isa = PBXFileReference; fileEncoding = 4; lastKnownFileType = sourcecode.swift; path = ViewTarget.swift; sourceTree = "<group>"; };
		D05BEA3D254E1F8B0023FB7F /* Runnable.swift */ = {isa = PBXFileReference; fileEncoding = 4; lastKnownFileType = sourcecode.swift; path = Runnable.swift; sourceTree = "<group>"; };
		D05BEA3E254E1F8B0023FB7F /* Guiso.swift */ = {isa = PBXFileReference; fileEncoding = 4; lastKnownFileType = sourcecode.swift; path = Guiso.swift; sourceTree = "<group>"; };
		D05BEA3F254E1F8B0023FB7F /* GuisoGifDecoder.swift */ = {isa = PBXFileReference; fileEncoding = 4; lastKnownFileType = sourcecode.swift; path = GuisoGifDecoder.swift; sourceTree = "<group>"; };
		D05BEA40254E1F8B0023FB7F /* Request.swift */ = {isa = PBXFileReference; fileEncoding = 4; lastKnownFileType = sourcecode.swift; path = Request.swift; sourceTree = "<group>"; };
		D05BEA41254E1F8B0023FB7F /* LRUCache.swift */ = {isa = PBXFileReference; fileEncoding = 4; lastKnownFileType = sourcecode.swift; path = LRUCache.swift; sourceTree = "<group>"; };
		D05BEA42254E1F8B0023FB7F /* GuisoPreload.swift */ = {isa = PBXFileReference; fileEncoding = 4; lastKnownFileType = sourcecode.swift; path = GuisoPreload.swift; sourceTree = "<group>"; };
		D05BEA43254E1F8B0023FB7F /* extension_String.swift */ = {isa = PBXFileReference; fileEncoding = 4; lastKnownFileType = sourcecode.swift; path = extension_String.swift; sourceTree = "<group>"; };
		D05BEA44254E1F8B0023FB7F /* GuisoRequestBuilder.swift */ = {isa = PBXFileReference; fileEncoding = 4; lastKnownFileType = sourcecode.swift; path = GuisoRequestBuilder.swift; sourceTree = "<group>"; };
		D05BEA45254E1F8B0023FB7F /* GuisoRequestManager.swift */ = {isa = PBXFileReference; fileEncoding = 4; lastKnownFileType = sourcecode.swift; path = GuisoRequestManager.swift; sourceTree = "<group>"; };
		D05BEA46254E1F8B0023FB7F /* GuisoView.swift */ = {isa = PBXFileReference; fileEncoding = 4; lastKnownFileType = sourcecode.swift; path = GuisoView.swift; sourceTree = "<group>"; };
		D05BEA47254E1F8B0023FB7F /* GuisoTransform.swift */ = {isa = PBXFileReference; fileEncoding = 4; lastKnownFileType = sourcecode.swift; path = GuisoTransform.swift; sourceTree = "<group>"; };
		D05BEA48254E1F8B0023FB7F /* TransformationUtils.swift */ = {isa = PBXFileReference; fileEncoding = 4; lastKnownFileType = sourcecode.swift; path = TransformationUtils.swift; sourceTree = "<group>"; };
		D05BEA49254E1F8B0023FB7F /* LoaderProtocol.swift */ = {isa = PBXFileReference; fileEncoding = 4; lastKnownFileType = sourcecode.swift; path = LoaderProtocol.swift; sourceTree = "<group>"; };
		D05BEA4A254E1F8B0023FB7F /* AnimatedLayer.swift */ = {isa = PBXFileReference; fileEncoding = 4; lastKnownFileType = sourcecode.swift; path = AnimatedLayer.swift; sourceTree = "<group>"; };
		D05BEA4B254E1F8B0023FB7F /* GuisoPlaceHolder.swift */ = {isa = PBXFileReference; fileEncoding = 4; lastKnownFileType = sourcecode.swift; path = GuisoPlaceHolder.swift; sourceTree = "<group>"; };
		D05BEA4C254E1F8B0023FB7F /* GuisoCache.swift */ = {isa = PBXFileReference; fileEncoding = 4; lastKnownFileType = sourcecode.swift; path = GuisoCache.swift; sourceTree = "<group>"; };
		D05BEA4D254E1F8C0023FB7F /* ColorMap.swift */ = {isa = PBXFileReference; fileEncoding = 4; lastKnownFileType = sourcecode.swift; path = ColorMap.swift; sourceTree = "<group>"; };
		D05BEA4E254E1F8C0023FB7F /* GuisoOptions.swift */ = {isa = PBXFileReference; fileEncoding = 4; lastKnownFileType = sourcecode.swift; path = GuisoOptions.swift; sourceTree = "<group>"; };
		D05BEA4F254E1F8C0023FB7F /* GuisoDiskCache.swift */ = {isa = PBXFileReference; fileEncoding = 4; lastKnownFileType = sourcecode.swift; path = GuisoDiskCache.swift; sourceTree = "<group>"; };
		D05BEA50254E1F8C0023FB7F /* GuisoHeader.swift */ = {isa = PBXFileReference; fileEncoding = 4; lastKnownFileType = sourcecode.swift; path = GuisoHeader.swift; sourceTree = "<group>"; };
		D05BEA51254E1F8C0023FB7F /* GuisoRequestThumb.swift */ = {isa = PBXFileReference; fileEncoding = 4; lastKnownFileType = sourcecode.swift; path = GuisoRequestThumb.swift; sourceTree = "<group>"; };
		D05BEA52254E1F8C0023FB7F /* GuisoLoaderString.swift */ = {isa = PBXFileReference; fileEncoding = 4; lastKnownFileType = sourcecode.swift; path = GuisoLoaderString.swift; sourceTree = "<group>"; };
		D05BEA53254E1F8C0023FB7F /* AnimatedImage.swift */ = {isa = PBXFileReference; fileEncoding = 4; lastKnownFileType = sourcecode.swift; path = AnimatedImage.swift; sourceTree = "<group>"; };
		D05BEA54254E1F8C0023FB7F /* SimpleTarget.swift */ = {isa = PBXFileReference; fileEncoding = 4; lastKnownFileType = sourcecode.swift; path = SimpleTarget.swift; sourceTree = "<group>"; };
		D05BEA55254E1F8C0023FB7F /* TransformProtocol.swift */ = {isa = PBXFileReference; fileEncoding = 4; lastKnownFileType = sourcecode.swift; path = TransformProtocol.swift; sourceTree = "<group>"; };
		D05BEA56254E1F8C0023FB7F /* GuisoRequest.swift */ = {isa = PBXFileReference; fileEncoding = 4; lastKnownFileType = sourcecode.swift; path = GuisoRequest.swift; sourceTree = "<group>"; };
		D05BEA57254E1F8C0023FB7F /* Executor.swift */ = {isa = PBXFileReference; fileEncoding = 4; lastKnownFileType = sourcecode.swift; path = Executor.swift; sourceTree = "<group>"; };
		D087E1FB24588AD8001C8C7E /* PhotoKit.m */ = {isa = PBXFileReference; fileEncoding = 4; lastKnownFileType = sourcecode.c.objc; path = PhotoKit.m; sourceTree = "<group>"; };
		D087E1FC24588AD9001C8C7E /* PhotoKit.swift */ = {isa = PBXFileReference; fileEncoding = 4; lastKnownFileType = sourcecode.swift; path = PhotoKit.swift; sourceTree = "<group>"; };
		D0A3F99B25491E4400395F3D /* WebPMux.framework */ = {isa = PBXFileReference; lastKnownFileType = wrapper.framework; path = WebPMux.framework; sourceTree = "<group>"; };
		D0A3F99C25491E4400395F3D /* WebP.framework */ = {isa = PBXFileReference; lastKnownFileType = wrapper.framework; path = WebP.framework; sourceTree = "<group>"; };
		D0A3F99D25491E4400395F3D /* WebPDecoder.framework */ = {isa = PBXFileReference; lastKnownFileType = wrapper.framework; path = WebPDecoder.framework; sourceTree = "<group>"; };
		D0A3F99E25491E4400395F3D /* WebPDemux.framework */ = {isa = PBXFileReference; lastKnownFileType = wrapper.framework; path = WebPDemux.framework; sourceTree = "<group>"; };
		D0AFDFDB244F8C0D00377C58 /* Image.m */ = {isa = PBXFileReference; fileEncoding = 4; lastKnownFileType = sourcecode.c.objc; path = Image.m; sourceTree = "<group>"; };
		D0AFDFDC244F8C0D00377C58 /* Image.swift */ = {isa = PBXFileReference; fileEncoding = 4; lastKnownFileType = sourcecode.swift; path = Image.swift; sourceTree = "<group>"; };
		D0BED1D5243AE49100881A99 /* CircleProgress.swift */ = {isa = PBXFileReference; fileEncoding = 4; lastKnownFileType = sourcecode.swift; path = CircleProgress.swift; sourceTree = "<group>"; };
		D0BED1D6243AE49100881A99 /* react-native-jjkit-Bridging-Header.h */ = {isa = PBXFileReference; fileEncoding = 4; lastKnownFileType = sourcecode.c.h; path = "react-native-jjkit-Bridging-Header.h"; sourceTree = "<group>"; };
		D0BED1D7243AE49100881A99 /* CircleProgressView.m */ = {isa = PBXFileReference; fileEncoding = 4; lastKnownFileType = sourcecode.c.objc; path = CircleProgressView.m; sourceTree = "<group>"; };
		D0BED1D8243AE49100881A99 /* LayerCircleProgress.swift */ = {isa = PBXFileReference; fileEncoding = 4; lastKnownFileType = sourcecode.swift; path = LayerCircleProgress.swift; sourceTree = "<group>"; };
		D0BED1D9243AE49100881A99 /* CircleProgressView.swift */ = {isa = PBXFileReference; fileEncoding = 4; lastKnownFileType = sourcecode.swift; path = CircleProgressView.swift; sourceTree = "<group>"; };
		D0BED1DF243AE49800881A99 /* ClipRectView.swift */ = {isa = PBXFileReference; fileEncoding = 4; lastKnownFileType = sourcecode.swift; path = ClipRectView.swift; sourceTree = "<group>"; };
		D0BED1E0243AE49800881A99 /* ClipRectView.m */ = {isa = PBXFileReference; fileEncoding = 4; lastKnownFileType = sourcecode.c.objc; path = ClipRectView.m; sourceTree = "<group>"; };
		D0BED1E1243AE49800881A99 /* LayerClip.swift */ = {isa = PBXFileReference; fileEncoding = 4; lastKnownFileType = sourcecode.swift; path = LayerClip.swift; sourceTree = "<group>"; };
		D0BED1E2243AE49800881A99 /* ClipRect.swift */ = {isa = PBXFileReference; fileEncoding = 4; lastKnownFileType = sourcecode.swift; path = ClipRect.swift; sourceTree = "<group>"; };
		D0BED1E8243AE4A100881A99 /* extension_UIBezierPath.swift */ = {isa = PBXFileReference; fileEncoding = 4; lastKnownFileType = sourcecode.swift; path = extension_UIBezierPath.swift; sourceTree = "<group>"; };
		D0BED1E9243AE4A100881A99 /* extension_UIColor.swift */ = {isa = PBXFileReference; fileEncoding = 4; lastKnownFileType = sourcecode.swift; path = extension_UIColor.swift; sourceTree = "<group>"; };
		D0BED1EA243AE4A100881A99 /* extension_CGRect.swift */ = {isa = PBXFileReference; fileEncoding = 4; lastKnownFileType = sourcecode.swift; path = extension_CGRect.swift; sourceTree = "<group>"; };
		D0BED1EB243AE4A100881A99 /* extension_CALayer.swift */ = {isa = PBXFileReference; fileEncoding = 4; lastKnownFileType = sourcecode.swift; path = extension_CALayer.swift; sourceTree = "<group>"; };
		D0E116DD24623ADB009FF69C /* Cropper.swift */ = {isa = PBXFileReference; fileEncoding = 4; lastKnownFileType = sourcecode.swift; path = Cropper.swift; sourceTree = "<group>"; };
		D0E116DE24623ADB009FF69C /* CropHelper.swift */ = {isa = PBXFileReference; fileEncoding = 4; lastKnownFileType = sourcecode.swift; path = CropHelper.swift; sourceTree = "<group>"; };
		D0E116DF24623ADB009FF69C /* Cropper.m */ = {isa = PBXFileReference; fileEncoding = 4; lastKnownFileType = sourcecode.c.objc; path = Cropper.m; sourceTree = "<group>"; };
		D0F98D5F2443DA71001CF3DA /* Toast.swift */ = {isa = PBXFileReference; fileEncoding = 4; lastKnownFileType = sourcecode.swift; path = Toast.swift; sourceTree = "<group>"; };
		D0F98D612443DA79001CF3DA /* Toast.m */ = {isa = PBXFileReference; fileEncoding = 4; lastKnownFileType = sourcecode.c.objc; path = Toast.m; sourceTree = "<group>"; };
		D0F98D652443DAC6001CF3DA /* JJScreen.swift */ = {isa = PBXFileReference; fileEncoding = 4; lastKnownFileType = sourcecode.swift; path = JJScreen.swift; sourceTree = "<group>"; };
		D0F98D662443DAC6001CF3DA /* JJLabel.swift */ = {isa = PBXFileReference; fileEncoding = 4; lastKnownFileType = sourcecode.swift; path = JJLabel.swift; sourceTree = "<group>"; };
		D0F98D672443DAC6001CF3DA /* ToastManager.swift */ = {isa = PBXFileReference; fileEncoding = 4; lastKnownFileType = sourcecode.swift; path = ToastManager.swift; sourceTree = "<group>"; };
		D0F98D682443DAC6001CF3DA /* JJLabelUI.swift */ = {isa = PBXFileReference; fileEncoding = 4; lastKnownFileType = sourcecode.swift; path = JJLabelUI.swift; sourceTree = "<group>"; };
		D0F98D6F2443DAD8001CF3DA /* extension_UIView.swift */ = {isa = PBXFileReference; fileEncoding = 4; lastKnownFileType = sourcecode.swift; path = extension_UIView.swift; sourceTree = "<group>"; };
/* End PBXFileReference section */

/* Begin PBXFrameworksBuildPhase section */
		58B511D81A9E6C8500147676 /* Frameworks */ = {
			isa = PBXFrameworksBuildPhase;
			buildActionMask = 2147483647;
			files = (
				D0A3F9A225491E4400395F3D /* WebPDemux.framework in Frameworks */,
				D0A3F9A125491E4400395F3D /* WebPDecoder.framework in Frameworks */,
				D0A3F9A025491E4400395F3D /* WebP.framework in Frameworks */,
				D0A3F99F25491E4400395F3D /* WebPMux.framework in Frameworks */,
			);
			runOnlyForDeploymentPostprocessing = 0;
		};
/* End PBXFrameworksBuildPhase section */

/* Begin PBXGroup section */
		134814211AA4EA7D00B7C361 /* Products */ = {
			isa = PBXGroup;
			children = (
				134814201AA4EA6300B7C361 /* libJjkit.a */,
			);
			name = Products;
			sourceTree = "<group>";
		};
		58B511D21A9E6C8500147676 = {
			isa = PBXGroup;
			children = (
				D03AA8E22537817400B8AAB5 /* JJKitAssets.xcassets */,
				D03AA8C725377FE800B8AAB5 /* ImageListView */,
				D0E116DC24623AC9009FF69C /* Cropper */,
				D040C034244E787E00103477 /* Image */,
				D040C033244E787400103477 /* PhotoKit */,
				D0BED1D6243AE49100881A99 /* react-native-jjkit-Bridging-Header.h */,
				D01D1CA3244A5A4B00E0C8D1 /* Badge */,
				D0F98D742443E385001CF3DA /* utils */,
				D0F98D5E2443DA33001CF3DA /* Toast */,
				D0BED1E7243AE4A100881A99 /* extension */,
				D0BED1DE243AE49800881A99 /* ClipRectView */,
				D0BED1D4243AE49100881A99 /* ClipProgressView */,
				134814211AA4EA7D00B7C361 /* Products */,
			);
			sourceTree = "<group>";
		};
		D01D1CA3244A5A4B00E0C8D1 /* Badge */ = {
			isa = PBXGroup;
			children = (
				D01D1CAB244A5A8900E0C8D1 /* BadgeView.swift */,
				D01D1CA9244A5A8200E0C8D1 /* BadgeShadowView.swift */,
				D01D1CA7244A5A7800E0C8D1 /* Badge.m */,
				D01D1CA4244A5A6C00E0C8D1 /* Badge.swift */,
			);
			path = Badge;
			sourceTree = "<group>";
		};
		D03AA8C725377FE800B8AAB5 /* ImageListView */ = {
			isa = PBXGroup;
			children = (
				D03AA8CC25377FFC00B8AAB5 /* CellPhoto.swift */,
				D03AA8CF25377FFC00B8AAB5 /* CellVideo.swift */,
				D03AA8C925377FFB00B8AAB5 /* ImageList.swift */,
				D03AA8CA25377FFB00B8AAB5 /* ImageListView.m */,
				D03AA8C825377FFB00B8AAB5 /* ImageListView.swift */,
				D03AA8CD25377FFC00B8AAB5 /* MediaCollectionView.swift */,
				D03AA8D025377FFC00B8AAB5 /* ProgressCell.swift */,
				D03AA8CB25377FFC00B8AAB5 /* ProgressView.swift */,
				D03AA8CE25377FFC00B8AAB5 /* SelectableProtocol.swift */,
				D03AA8D125377FFC00B8AAB5 /* SelectableView.swift */,
			);
			path = ImageListView;
			sourceTree = "<group>";
		};
		D040C033244E787400103477 /* PhotoKit */ = {
			isa = PBXGroup;
			children = (
				D087E1FB24588AD8001C8C7E /* PhotoKit.m */,
				D087E1FC24588AD9001C8C7E /* PhotoKit.swift */,
			);
			path = PhotoKit;
			sourceTree = "<group>";
		};
		D040C034244E787E00103477 /* Image */ = {
			isa = PBXGroup;
			children = (
				D0AFDFDB244F8C0D00377C58 /* Image.m */,
				D0AFDFDC244F8C0D00377C58 /* Image.swift */,
				D021B2C02456754C0085F417 /* ImageView.swift */,
			);
			path = Image;
			sourceTree = "<group>";
		};
		D0A3F99A25491E4400395F3D /* Frameworks */ = {
			isa = PBXGroup;
			children = (
				D0A3F99B25491E4400395F3D /* WebPMux.framework */,
				D0A3F99C25491E4400395F3D /* WebP.framework */,
				D0A3F99D25491E4400395F3D /* WebPDecoder.framework */,
				D0A3F99E25491E4400395F3D /* WebPDemux.framework */,
			);
			path = Frameworks;
			sourceTree = "<group>";
		};
		D0AE8AE0247AE3DE00F860AE /* Guiso */ = {
			isa = PBXGroup;
			children = (
				D05BEA53254E1F8C0023FB7F /* AnimatedImage.swift */,
				D05BEA33254E1F8A0023FB7F /* AnimatedImageDecoderProtocol.swift */,
				D05BEA4A254E1F8B0023FB7F /* AnimatedLayer.swift */,
				D05BEA4D254E1F8C0023FB7F /* ColorMap.swift */,
				D05BEA57254E1F8C0023FB7F /* Executor.swift */,
				D05BEA43254E1F8B0023FB7F /* extension_String.swift */,
				D05BEA39254E1F8A0023FB7F /* extension_URL.swift */,
				D05BEA3B254E1F8B0023FB7F /* File.swift */,
				D05BEA3E254E1F8B0023FB7F /* Guiso.swift */,
				D05BEA4C254E1F8B0023FB7F /* GuisoCache.swift */,
				D05BEA36254E1F8A0023FB7F /* GuisoCacheGif.swift */,
				D05BEA4F254E1F8C0023FB7F /* GuisoDiskCache.swift */,
				D05BEA32254E1F8A0023FB7F /* GuisoErrorHolder.swift */,
				D05BEA3A254E1F8B0023FB7F /* GuisoFallbackHolder.swift */,
				D05BEA3F254E1F8B0023FB7F /* GuisoGifDecoder.swift */,
				D05BEA50254E1F8C0023FB7F /* GuisoHeader.swift */,
				D05BEA37254E1F8A0023FB7F /* GuisoLoaderData.swift */,
				D05BEA52254E1F8C0023FB7F /* GuisoLoaderString.swift */,
				D05BEA4E254E1F8C0023FB7F /* GuisoOptions.swift */,
				D05BEA4B254E1F8B0023FB7F /* GuisoPlaceHolder.swift */,
				D05BEA42254E1F8B0023FB7F /* GuisoPreload.swift */,
				D05BEA56254E1F8C0023FB7F /* GuisoRequest.swift */,
				D05BEA44254E1F8B0023FB7F /* GuisoRequestBuilder.swift */,
				D05BEA45254E1F8B0023FB7F /* GuisoRequestManager.swift */,
				D05BEA51254E1F8C0023FB7F /* GuisoRequestThumb.swift */,
				D05BEA2F254E1F8A0023FB7F /* GuisoSaver.swift */,
				D05BEA47254E1F8B0023FB7F /* GuisoTransform.swift */,
				D05BEA38254E1F8A0023FB7F /* GuisoUtils.swift */,
				D05BEA46254E1F8B0023FB7F /* GuisoView.swift */,
				D05BEA30254E1F8A0023FB7F /* GuisoWebpDecoder.swift */,
				D05BEA34254E1F8A0023FB7F /* Key.swift */,
				D05BEA31254E1F8A0023FB7F /* KeyGenerator.swift */,
				D05BEA35254E1F8A0023FB7F /* LinkedList.swift */,
				D05BEA49254E1F8B0023FB7F /* LoaderProtocol.swift */,
				D05BEA41254E1F8B0023FB7F /* LRUCache.swift */,
				D05BEA40254E1F8B0023FB7F /* Request.swift */,
				D05BEA3D254E1F8B0023FB7F /* Runnable.swift */,
				D05BEA54254E1F8C0023FB7F /* SimpleTarget.swift */,
				D05BEA48254E1F8B0023FB7F /* TransformationUtils.swift */,
				D05BEA55254E1F8C0023FB7F /* TransformProtocol.swift */,
				D05BEA3C254E1F8B0023FB7F /* ViewTarget.swift */,
			);
			path = Guiso;
			sourceTree = "<group>";
		};
		D0BED1D4243AE49100881A99 /* ClipProgressView */ = {
			isa = PBXGroup;
			children = (
				D0BED1D5243AE49100881A99 /* CircleProgress.swift */,
				D0BED1D7243AE49100881A99 /* CircleProgressView.m */,
				D0BED1D8243AE49100881A99 /* LayerCircleProgress.swift */,
				D0BED1D9243AE49100881A99 /* CircleProgressView.swift */,
			);
			path = ClipProgressView;
			sourceTree = "<group>";
		};
		D0BED1DE243AE49800881A99 /* ClipRectView */ = {
			isa = PBXGroup;
			children = (
				D0BED1DF243AE49800881A99 /* ClipRectView.swift */,
				D0BED1E0243AE49800881A99 /* ClipRectView.m */,
				D0BED1E1243AE49800881A99 /* LayerClip.swift */,
				D0BED1E2243AE49800881A99 /* ClipRect.swift */,
			);
			path = ClipRectView;
			sourceTree = "<group>";
		};
		D0BED1E7243AE4A100881A99 /* extension */ = {
			isa = PBXGroup;
			children = (
				D01D1CBB244A623F00E0C8D1 /* extension_AttrString.swift */,
				D0F98D6F2443DAD8001CF3DA /* extension_UIView.swift */,
				D0BED1E8243AE4A100881A99 /* extension_UIBezierPath.swift */,
				D0BED1E9243AE4A100881A99 /* extension_UIColor.swift */,
				D0BED1EA243AE4A100881A99 /* extension_CGRect.swift */,
				D0BED1EB243AE4A100881A99 /* extension_CALayer.swift */,
			);
			path = extension;
			sourceTree = "<group>";
		};
		D0E116DC24623AC9009FF69C /* Cropper */ = {
			isa = PBXGroup;
			children = (
				D0E116DE24623ADB009FF69C /* CropHelper.swift */,
				D0E116DF24623ADB009FF69C /* Cropper.m */,
				D0E116DD24623ADB009FF69C /* Cropper.swift */,
			);
			path = Cropper;
			sourceTree = "<group>";
		};
		D0F98D5E2443DA33001CF3DA /* Toast */ = {
			isa = PBXGroup;
			children = (
				D0F98D672443DAC6001CF3DA /* ToastManager.swift */,
				D0F98D612443DA79001CF3DA /* Toast.m */,
				D0F98D5F2443DA71001CF3DA /* Toast.swift */,
			);
			path = Toast;
			sourceTree = "<group>";
		};
		D0F98D742443E385001CF3DA /* utils */ = {
			isa = PBXGroup;
			children = (
				D0A3F99A25491E4400395F3D /* Frameworks */,
				D0AE8AE0247AE3DE00F860AE /* Guiso */,
				D0F98D662443DAC6001CF3DA /* JJLabel.swift */,
				D0F98D682443DAC6001CF3DA /* JJLabelUI.swift */,
				D03AA8DE2537802500B8AAB5 /* JJLayout.swift */,
				D03AA8DD2537802500B8AAB5 /* JJMargin.swift */,
				D0F98D652443DAC6001CF3DA /* JJScreen.swift */,
			);
			path = utils;
			sourceTree = "<group>";
		};
/* End PBXGroup section */

/* Begin PBXNativeTarget section */
		58B511DA1A9E6C8500147676 /* Jjkit */ = {
			isa = PBXNativeTarget;
			buildConfigurationList = 58B511EF1A9E6C8500147676 /* Build configuration list for PBXNativeTarget "Jjkit" */;
			buildPhases = (
				58B511D71A9E6C8500147676 /* Sources */,
				58B511D81A9E6C8500147676 /* Frameworks */,
				58B511D91A9E6C8500147676 /* Copy Files */,
			);
			buildRules = (
			);
			dependencies = (
			);
			name = Jjkit;
			productName = RCTDataManager;
			productReference = 134814201AA4EA6300B7C361 /* libJjkit.a */;
			productType = "com.apple.product-type.library.static";
		};
/* End PBXNativeTarget section */

/* Begin PBXProject section */
		58B511D31A9E6C8500147676 /* Project object */ = {
			isa = PBXProject;
			attributes = {
				LastUpgradeCheck = 0920;
				ORGANIZATIONNAME = Facebook;
				TargetAttributes = {
					58B511DA1A9E6C8500147676 = {
						CreatedOnToolsVersion = 6.1.1;
					};
				};
			};
			buildConfigurationList = 58B511D61A9E6C8500147676 /* Build configuration list for PBXProject "Jjkit" */;
			compatibilityVersion = "Xcode 3.2";
			developmentRegion = English;
			hasScannedForEncodings = 0;
			knownRegions = (
				English,
				en,
			);
			mainGroup = 58B511D21A9E6C8500147676;
			productRefGroup = 58B511D21A9E6C8500147676;
			projectDirPath = "";
			projectRoot = "";
			targets = (
				58B511DA1A9E6C8500147676 /* Jjkit */,
			);
		};
/* End PBXProject section */

/* Begin PBXSourcesBuildPhase section */
		58B511D71A9E6C8500147676 /* Sources */ = {
			isa = PBXSourcesBuildPhase;
			buildActionMask = 2147483647;
			files = (
				D05BEA5B254E1F8C0023FB7F /* GuisoErrorHolder.swift in Sources */,
				D0BED1E4243AE49800881A99 /* ClipRectView.m in Sources */,
				D03AA8DA25377FFC00B8AAB5 /* ProgressCell.swift in Sources */,
				D05BEA72254E1F8C0023FB7F /* LoaderProtocol.swift in Sources */,
				D0AFDFDF244F8C0D00377C58 /* Image.swift in Sources */,
				D05BEA7F254E1F8C0023FB7F /* GuisoRequest.swift in Sources */,
				D0BED1ED243AE4A100881A99 /* extension_UIColor.swift in Sources */,
				D0F98D692443DAC6001CF3DA /* JJScreen.swift in Sources */,
				D03AA8D925377FFC00B8AAB5 /* CellVideo.swift in Sources */,
				D0BED1DA243AE49100881A99 /* CircleProgress.swift in Sources */,
				D0F98D6C2443DAC6001CF3DA /* JJLabelUI.swift in Sources */,
				D05BEA7D254E1F8C0023FB7F /* SimpleTarget.swift in Sources */,
				D05BEA67254E1F8C0023FB7F /* Guiso.swift in Sources */,
				D0F98D602443DA71001CF3DA /* Toast.swift in Sources */,
				D05BEA6E254E1F8C0023FB7F /* GuisoRequestManager.swift in Sources */,
				D0BED1E5243AE49800881A99 /* LayerClip.swift in Sources */,
				D05BEA61254E1F8C0023FB7F /* GuisoUtils.swift in Sources */,
				D0E116E124623ADB009FF69C /* CropHelper.swift in Sources */,
				D05BEA5A254E1F8C0023FB7F /* KeyGenerator.swift in Sources */,
				D05BEA7C254E1F8C0023FB7F /* AnimatedImage.swift in Sources */,
				D05BEA76254E1F8C0023FB7F /* ColorMap.swift in Sources */,
				D05BEA6F254E1F8C0023FB7F /* GuisoView.swift in Sources */,
				D03AA8D325377FFC00B8AAB5 /* ImageList.swift in Sources */,
				D05BEA71254E1F8C0023FB7F /* TransformationUtils.swift in Sources */,
				D0BED1DD243AE49100881A99 /* CircleProgressView.swift in Sources */,
				D05BEA5E254E1F8C0023FB7F /* LinkedList.swift in Sources */,
				D05BEA73254E1F8C0023FB7F /* AnimatedLayer.swift in Sources */,
				D05BEA63254E1F8C0023FB7F /* GuisoFallbackHolder.swift in Sources */,
				D05BEA6D254E1F8C0023FB7F /* GuisoRequestBuilder.swift in Sources */,
				D05BEA58254E1F8C0023FB7F /* GuisoSaver.swift in Sources */,
				D0BED1EC243AE4A100881A99 /* extension_UIBezierPath.swift in Sources */,
				D01D1CA5244A5A6C00E0C8D1 /* Badge.swift in Sources */,
				D03AA8D725377FFC00B8AAB5 /* MediaCollectionView.swift in Sources */,
				D0F98D702443DAD8001CF3DA /* extension_UIView.swift in Sources */,
				D021B2C12456754C0085F417 /* ImageView.swift in Sources */,
				D01D1CA8244A5A7800E0C8D1 /* Badge.m in Sources */,
				D05BEA5C254E1F8C0023FB7F /* AnimatedImageDecoderProtocol.swift in Sources */,
				D05BEA6C254E1F8C0023FB7F /* extension_String.swift in Sources */,
				D03AA8D425377FFC00B8AAB5 /* ImageListView.m in Sources */,
				D05BEA60254E1F8C0023FB7F /* GuisoLoaderData.swift in Sources */,
				D01D1CAA244A5A8200E0C8D1 /* BadgeShadowView.swift in Sources */,
				D03AA8D225377FFC00B8AAB5 /* ImageListView.swift in Sources */,
				D01D1CBC244A623F00E0C8D1 /* extension_AttrString.swift in Sources */,
				D087E1FD24588AD9001C8C7E /* PhotoKit.m in Sources */,
				D0BED1E3243AE49800881A99 /* ClipRectView.swift in Sources */,
				D05BEA65254E1F8C0023FB7F /* ViewTarget.swift in Sources */,
				D01D1CAC244A5A8900E0C8D1 /* BadgeView.swift in Sources */,
				D0BED1EF243AE4A100881A99 /* extension_CALayer.swift in Sources */,
				D05BEA69254E1F8C0023FB7F /* Request.swift in Sources */,
				D05BEA62254E1F8C0023FB7F /* extension_URL.swift in Sources */,
				D05BEA7E254E1F8C0023FB7F /* TransformProtocol.swift in Sources */,
				D05BEA6A254E1F8C0023FB7F /* LRUCache.swift in Sources */,
				D05BEA59254E1F8C0023FB7F /* GuisoWebpDecoder.swift in Sources */,
				D0BED1DC243AE49100881A99 /* LayerCircleProgress.swift in Sources */,
				D0AFDFDE244F8C0D00377C58 /* Image.m in Sources */,
				D0F98D6B2443DAC6001CF3DA /* ToastManager.swift in Sources */,
				D0BED1EE243AE4A100881A99 /* extension_CGRect.swift in Sources */,
				D05BEA75254E1F8C0023FB7F /* GuisoCache.swift in Sources */,
				D03AA8D625377FFC00B8AAB5 /* CellPhoto.swift in Sources */,
				D05BEA7B254E1F8C0023FB7F /* GuisoLoaderString.swift in Sources */,
				D03AA8D525377FFC00B8AAB5 /* ProgressView.swift in Sources */,
				D03AA8DB25377FFC00B8AAB5 /* SelectableView.swift in Sources */,
				D087E1FE24588AD9001C8C7E /* PhotoKit.swift in Sources */,
				D0F98D6A2443DAC6001CF3DA /* JJLabel.swift in Sources */,
				D05BEA7A254E1F8C0023FB7F /* GuisoRequestThumb.swift in Sources */,
				D05BEA78254E1F8C0023FB7F /* GuisoDiskCache.swift in Sources */,
				D05BEA66254E1F8C0023FB7F /* Runnable.swift in Sources */,
				D05BEA77254E1F8C0023FB7F /* GuisoOptions.swift in Sources */,
				D05BEA79254E1F8C0023FB7F /* GuisoHeader.swift in Sources */,
				D05BEA5D254E1F8C0023FB7F /* Key.swift in Sources */,
				D03AA8E02537802500B8AAB5 /* JJLayout.swift in Sources */,
				D0F98D622443DA79001CF3DA /* Toast.m in Sources */,
				D05BEA70254E1F8C0023FB7F /* GuisoTransform.swift in Sources */,
				D0E116E024623ADB009FF69C /* Cropper.swift in Sources */,
				D0E116E224623ADB009FF69C /* Cropper.m in Sources */,
				D0BED1DB243AE49100881A99 /* CircleProgressView.m in Sources */,
				D05BEA80254E1F8C0023FB7F /* Executor.swift in Sources */,
				D0BED1E6243AE49800881A99 /* ClipRect.swift in Sources */,
				D03AA8DF2537802500B8AAB5 /* JJMargin.swift in Sources */,
				D05BEA74254E1F8C0023FB7F /* GuisoPlaceHolder.swift in Sources */,
				D05BEA6B254E1F8C0023FB7F /* GuisoPreload.swift in Sources */,
				D03AA8D825377FFC00B8AAB5 /* SelectableProtocol.swift in Sources */,
				D05BEA64254E1F8C0023FB7F /* File.swift in Sources */,
				D05BEA5F254E1F8C0023FB7F /* GuisoCacheGif.swift in Sources */,
				D05BEA68254E1F8C0023FB7F /* GuisoGifDecoder.swift in Sources */,
			);
			runOnlyForDeploymentPostprocessing = 0;
		};
/* End PBXSourcesBuildPhase section */

/* Begin XCBuildConfiguration section */
		58B511ED1A9E6C8500147676 /* Debug */ = {
			isa = XCBuildConfiguration;
			buildSettings = {
				ALWAYS_SEARCH_USER_PATHS = NO;
				CLANG_CXX_LANGUAGE_STANDARD = "gnu++0x";
				CLANG_CXX_LIBRARY = "libc++";
				CLANG_ENABLE_MODULES = YES;
				CLANG_ENABLE_OBJC_ARC = YES;
				CLANG_WARN_BLOCK_CAPTURE_AUTORELEASING = YES;
				CLANG_WARN_BOOL_CONVERSION = YES;
				CLANG_WARN_COMMA = YES;
				CLANG_WARN_CONSTANT_CONVERSION = YES;
				CLANG_WARN_DIRECT_OBJC_ISA_USAGE = YES_ERROR;
				CLANG_WARN_EMPTY_BODY = YES;
				CLANG_WARN_ENUM_CONVERSION = YES;
				CLANG_WARN_INFINITE_RECURSION = YES;
				CLANG_WARN_INT_CONVERSION = YES;
				CLANG_WARN_NON_LITERAL_NULL_CONVERSION = YES;
				CLANG_WARN_OBJC_LITERAL_CONVERSION = YES;
				CLANG_WARN_OBJC_ROOT_CLASS = YES_ERROR;
				CLANG_WARN_RANGE_LOOP_ANALYSIS = YES;
				CLANG_WARN_STRICT_PROTOTYPES = YES;
				CLANG_WARN_SUSPICIOUS_MOVE = YES;
				CLANG_WARN_UNREACHABLE_CODE = YES;
				CLANG_WARN__DUPLICATE_METHOD_MATCH = YES;
				COPY_PHASE_STRIP = NO;
				ENABLE_STRICT_OBJC_MSGSEND = YES;
				ENABLE_TESTABILITY = YES;
				GCC_C_LANGUAGE_STANDARD = gnu99;
				GCC_DYNAMIC_NO_PIC = NO;
				GCC_NO_COMMON_BLOCKS = YES;
				GCC_OPTIMIZATION_LEVEL = 0;
				GCC_PREPROCESSOR_DEFINITIONS = (
					"DEBUG=1",
					"$(inherited)",
				);
				GCC_SYMBOLS_PRIVATE_EXTERN = NO;
				GCC_WARN_64_TO_32_BIT_CONVERSION = YES;
				GCC_WARN_ABOUT_RETURN_TYPE = YES_ERROR;
				GCC_WARN_UNDECLARED_SELECTOR = YES;
				GCC_WARN_UNINITIALIZED_AUTOS = YES_AGGRESSIVE;
				GCC_WARN_UNUSED_FUNCTION = YES;
				GCC_WARN_UNUSED_VARIABLE = YES;
				IPHONEOS_DEPLOYMENT_TARGET = 10.0;
				MTL_ENABLE_DEBUG_INFO = YES;
				ONLY_ACTIVE_ARCH = YES;
				SDKROOT = iphoneos;
				SWIFT_VERSION = 4.2;
			};
			name = Debug;
		};
		58B511EE1A9E6C8500147676 /* Release */ = {
			isa = XCBuildConfiguration;
			buildSettings = {
				ALWAYS_SEARCH_USER_PATHS = NO;
				CLANG_CXX_LANGUAGE_STANDARD = "gnu++0x";
				CLANG_CXX_LIBRARY = "libc++";
				CLANG_ENABLE_MODULES = YES;
				CLANG_ENABLE_OBJC_ARC = YES;
				CLANG_WARN_BLOCK_CAPTURE_AUTORELEASING = YES;
				CLANG_WARN_BOOL_CONVERSION = YES;
				CLANG_WARN_COMMA = YES;
				CLANG_WARN_CONSTANT_CONVERSION = YES;
				CLANG_WARN_DIRECT_OBJC_ISA_USAGE = YES_ERROR;
				CLANG_WARN_EMPTY_BODY = YES;
				CLANG_WARN_ENUM_CONVERSION = YES;
				CLANG_WARN_INFINITE_RECURSION = YES;
				CLANG_WARN_INT_CONVERSION = YES;
				CLANG_WARN_NON_LITERAL_NULL_CONVERSION = YES;
				CLANG_WARN_OBJC_LITERAL_CONVERSION = YES;
				CLANG_WARN_OBJC_ROOT_CLASS = YES_ERROR;
				CLANG_WARN_RANGE_LOOP_ANALYSIS = YES;
				CLANG_WARN_STRICT_PROTOTYPES = YES;
				CLANG_WARN_SUSPICIOUS_MOVE = YES;
				CLANG_WARN_UNREACHABLE_CODE = YES;
				CLANG_WARN__DUPLICATE_METHOD_MATCH = YES;
				COPY_PHASE_STRIP = YES;
				ENABLE_NS_ASSERTIONS = NO;
				ENABLE_STRICT_OBJC_MSGSEND = YES;
				GCC_C_LANGUAGE_STANDARD = gnu99;
				GCC_NO_COMMON_BLOCKS = YES;
				GCC_WARN_64_TO_32_BIT_CONVERSION = YES;
				GCC_WARN_ABOUT_RETURN_TYPE = YES_ERROR;
				GCC_WARN_UNDECLARED_SELECTOR = YES;
				GCC_WARN_UNINITIALIZED_AUTOS = YES_AGGRESSIVE;
				GCC_WARN_UNUSED_FUNCTION = YES;
				GCC_WARN_UNUSED_VARIABLE = YES;
				IPHONEOS_DEPLOYMENT_TARGET = 10.0;
				MTL_ENABLE_DEBUG_INFO = NO;
				SDKROOT = iphoneos;
				SWIFT_VERSION = 4.2;
				VALIDATE_PRODUCT = YES;
			};
			name = Release;
		};
		58B511F01A9E6C8500147676 /* Debug */ = {
			isa = XCBuildConfiguration;
			buildSettings = {
				FRAMEWORK_SEARCH_PATHS = (
					"$(inherited)",
					"$(PROJECT_DIR)/utils/Frameworks",
				);
				HEADER_SEARCH_PATHS = (
					"$(inherited)",
					/Applications/Xcode.app/Contents/Developer/Toolchains/XcodeDefault.xctoolchain/usr/include,
					"$(SRCROOT)/../../../React/**",
					"$(SRCROOT)/../../react-native/React/**",
				);
				LIBRARY_SEARCH_PATHS = "$(inherited)";
				OTHER_LDFLAGS = "-ObjC";
				PRODUCT_NAME = Jjkit;
				SKIP_INSTALL = YES;
			};
			name = Debug;
		};
		58B511F11A9E6C8500147676 /* Release */ = {
			isa = XCBuildConfiguration;
			buildSettings = {
				FRAMEWORK_SEARCH_PATHS = (
					"$(inherited)",
					"$(PROJECT_DIR)/utils/Frameworks",
				);
				HEADER_SEARCH_PATHS = (
					"$(inherited)",
					/Applications/Xcode.app/Contents/Developer/Toolchains/XcodeDefault.xctoolchain/usr/include,
					"$(SRCROOT)/../../../React/**",
					"$(SRCROOT)/../../react-native/React/**",
				);
				LIBRARY_SEARCH_PATHS = "$(inherited)";
				OTHER_LDFLAGS = "-ObjC";
				PRODUCT_NAME = Jjkit;
				SKIP_INSTALL = YES;
			};
			name = Release;
		};
/* End XCBuildConfiguration section */

/* Begin XCConfigurationList section */
		58B511D61A9E6C8500147676 /* Build configuration list for PBXProject "Jjkit" */ = {
			isa = XCConfigurationList;
			buildConfigurations = (
				58B511ED1A9E6C8500147676 /* Debug */,
				58B511EE1A9E6C8500147676 /* Release */,
			);
			defaultConfigurationIsVisible = 0;
			defaultConfigurationName = Release;
		};
		58B511EF1A9E6C8500147676 /* Build configuration list for PBXNativeTarget "Jjkit" */ = {
			isa = XCConfigurationList;
			buildConfigurations = (
				58B511F01A9E6C8500147676 /* Debug */,
				58B511F11A9E6C8500147676 /* Release */,
			);
			defaultConfigurationIsVisible = 0;
			defaultConfigurationName = Release;
		};
/* End XCConfigurationList section */
	};
	rootObject = 58B511D31A9E6C8500147676 /* Project object */;
}
